
Microsoft Visual Studio Solution File, Format Version 12.00
# Visual Studio 2013
VisualStudioVersion = 12.0.21005.1
MinimumVisualStudioVersion = 10.0.40219.1
Project("{8BC9CEB8-8B4A-11D0-8D11-00A0C91BC942}") = "Universal IFR Extractor", "Universal IFR Extractor.vcxproj", "{090E4D91-4577-4FA3-A0B0-1B42BED09F43}"
EndProject
Global
	GlobalSection(SolutionConfigurationPlatforms) = preSolution
		Debug|Win32 = Debug|Win32
		Release|Win32 = Release|Win32
	EndGlobalSection
	GlobalSection(ProjectConfigurationPlatforms) = postSolution
		{090E4D91-4577-4FA3-A0B0-1B42BED09F43}.Debug|Win32.ActiveCfg = Debug|Win32
		{090E4D91-4577-4FA3-A0B0-1B42BED09F43}.Debug|Win32.Build.0 = Debug|Win32
		{090E4D91-4577-4FA3-A0B0-1B42BED09F43}.Release|Win32.ActiveCfg = Release|Win32
		{090E4D91-4577-4FA3-A0B0-1B42BED09F43}.Release|Win32.Build.0 = Release|Win32
	EndGlobalSection
	GlobalSection(SolutionProperties) = preSolution
		HideSolutionNode = FALSE
	EndGlobalSection
EndGlobal
